# This file is automatically @generated by Cargo.
# It is not intended for manual editing.
version = 3

[[package]]
name = "aarch64-cpu"
version = "9.3.1"
source = "registry+https://github.com/rust-lang/crates.io-index"
checksum = "eb711c57d60565ba8f6523eb371e6243639617d817b4df1ae09af250af1af411"
dependencies = [
 "tock-registers",
]

[[package]]
name = "bootloader"
version = "0.1.0"
dependencies = [
 "aarch64-cpu",
]

[[package]]
name = "tock-registers"
version = "0.8.1"
source = "registry+https://github.com/rust-lang/crates.io-index"
checksum = "696941a0aee7e276a165a978b37918fd5d22c55c3d6bda197813070ca9c0f21c"
